// !$*UTF8*$!
{
	archiveVersion = 1;
	classes = {
	};
	objectVersion = 55;
	objects = {

/* Begin PBXBuildFile section */
		AE34296E27EEC30B00E87EF7 /* main.swift in Sources */ = {isa = PBXBuildFile; fileRef = AE34296D27EEC30B00E87EF7 /* main.swift */; };
/* End PBXBuildFile section */

/* Begin PBXCopyFilesBuildPhase section */
		AE870B6727EE9D6F005BB0D0 /* CopyFiles */ = {
			isa = PBXCopyFilesBuildPhase;
			buildActionMask = 2147483647;
			dstPath = /usr/share/man/man1/;
			dstSubfolderSpec = 0;
			files = (
			);
			runOnlyForDeploymentPostprocessing = 1;
		};
/* End PBXCopyFilesBuildPhase section */

/* Begin PBXFileReference section */
		AE34296427EEB2C900E87EF7 /* main.swift */ = {isa = PBXFileReference; lastKnownFileType = sourcecode.swift; path = main.swift; sourceTree = "<group>"; };
		AE34296727EEBB7900E87EF7 /* main.swift */ = {isa = PBXFileReference; lastKnownFileType = sourcecode.swift; path = main.swift; sourceTree = "<group>"; };
		AE34296A27EEC0A100E87EF7 /* main.swift */ = {isa = PBXFileReference; lastKnownFileType = sourcecode.swift; path = main.swift; sourceTree = "<group>"; };
		AE34296D27EEC30B00E87EF7 /* main.swift */ = {isa = PBXFileReference; lastKnownFileType = sourcecode.swift; path = main.swift; sourceTree = "<group>"; };
		AE870B6927EE9D6F005BB0D0 /* LINECT01. 로그수집 */ = {isa = PBXFileReference; explicitFileType = "compiled.mach-o.executable"; includeInIndex = 0; path = "LINECT01. 로그수집"; sourceTree = BUILT_PRODUCTS_DIR; };
		AE870B6C27EE9D6F005BB0D0 /* main.swift */ = {isa = PBXFileReference; lastKnownFileType = sourcecode.swift; path = main.swift; sourceTree = "<group>"; };
		AE870B7527EEA3E6005BB0D0 /* main.swift */ = {isa = PBXFileReference; lastKnownFileType = sourcecode.swift; path = main.swift; sourceTree = "<group>"; };
/* End PBXFileReference section */

/* Begin PBXFrameworksBuildPhase section */
		AE870B6627EE9D6F005BB0D0 /* Frameworks */ = {
			isa = PBXFrameworksBuildPhase;
			buildActionMask = 2147483647;
			files = (
			);
			runOnlyForDeploymentPostprocessing = 0;
		};
/* End PBXFrameworksBuildPhase section */

/* Begin PBXGroup section */
		AE34296327EEB21C00E87EF7 /* LINECT03.재택근무 */ = {
			isa = PBXGroup;
			children = (
				AE34296427EEB2C900E87EF7 /* main.swift */,
			);
			name = "LINECT03.재택근무";
			path = "LINECT03.재택근무";
			sourceTree = "<group>";
		};
		AE34296627EEBB6700E87EF7 /* LINECT05.능력치 */ = {
			isa = PBXGroup;
			children = (
				AE34296727EEBB7900E87EF7 /* main.swift */,
			);
			name = "LINECT05.능력치";
			path = "LINECT05.능력치";
			sourceTree = "<group>";
		};
		AE34296927EEC08D00E87EF7 /* LINECT04.셀 */ = {
			isa = PBXGroup;
			children = (
				AE34296A27EEC0A100E87EF7 /* main.swift */,
			);
			name = "LINECT04.셀";
			path = "LINECT04.셀";
			sourceTree = "<group>";
		};
		AE34296C27EEC2FD00E87EF7 /* LINECT06.화폐거래소 */ = {
			isa = PBXGroup;
			children = (
				AE34296D27EEC30B00E87EF7 /* main.swift */,
			);
			name = "LINECT06.화폐거래소";
			path = "LINECT06.화폐거래소";
			sourceTree = "<group>";
		};
		AE870B6027EE9D6F005BB0D0 = {
			isa = PBXGroup;
			children = (
				AE34296C27EEC2FD00E87EF7 /* LINECT06.화폐거래소 */,
				AE34296927EEC08D00E87EF7 /* LINECT04.셀 */,
				AE34296627EEBB6700E87EF7 /* LINECT05.능력치 */,
				AE34296327EEB21C00E87EF7 /* LINECT03.재택근무 */,
				AE870B7427EEA3D5005BB0D0 /* LINECT02.키보드 */,
				AE870B6B27EE9D6F005BB0D0 /* LINECT01. 로그수집 */,
				AE870B6A27EE9D6F005BB0D0 /* Products */,
			);
			sourceTree = "<group>";
		};
		AE870B6A27EE9D6F005BB0D0 /* Products */ = {
			isa = PBXGroup;
			children = (
				AE870B6927EE9D6F005BB0D0 /* LINECT01. 로그수집 */,
			);
			name = Products;
			sourceTree = "<group>";
		};
		AE870B6B27EE9D6F005BB0D0 /* LINECT01. 로그수집 */ = {
			isa = PBXGroup;
			children = (
				AE870B6C27EE9D6F005BB0D0 /* main.swift */,
			);
			path = "LINECT01. 로그수집";
			sourceTree = "<group>";
		};
		AE870B7427EEA3D5005BB0D0 /* LINECT02.키보드 */ = {
			isa = PBXGroup;
			children = (
				AE870B7527EEA3E6005BB0D0 /* main.swift */,
			);
			name = "LINECT02.키보드";
			path = "LINECT02.키보드";
			sourceTree = "<group>";
		};
/* End PBXGroup section */

/* Begin PBXNativeTarget section */
		AE870B6827EE9D6F005BB0D0 /* LINECT01. 로그수집 */ = {
			isa = PBXNativeTarget;
			buildConfigurationList = AE870B7027EE9D6F005BB0D0 /* Build configuration list for PBXNativeTarget "LINECT01. 로그수집" */;
			buildPhases = (
				AE870B6527EE9D6F005BB0D0 /* Sources */,
				AE870B6627EE9D6F005BB0D0 /* Frameworks */,
				AE870B6727EE9D6F005BB0D0 /* CopyFiles */,
			);
			buildRules = (
			);
			dependencies = (
			);
			name = "LINECT01. 로그수집";
			productName = "LINECT01. 로그수집";
			productReference = AE870B6927EE9D6F005BB0D0 /* LINECT01. 로그수집 */;
			productType = "com.apple.product-type.tool";
		};
/* End PBXNativeTarget section */

/* Begin PBXProject section */
		AE870B6127EE9D6F005BB0D0 /* Project object */ = {
			isa = PBXProject;
			attributes = {
				BuildIndependentTargetsInParallel = 1;
				LastSwiftUpdateCheck = 1320;
				LastUpgradeCheck = 1320;
				TargetAttributes = {
					AE870B6827EE9D6F005BB0D0 = {
						CreatedOnToolsVersion = 13.2.1;
						LastSwiftMigration = 1320;
					};
				};
			};
			buildConfigurationList = AE870B6427EE9D6F005BB0D0 /* Build configuration list for PBXProject "LINECT01. 로그수집" */;
			compatibilityVersion = "Xcode 13.0";
			developmentRegion = en;
			hasScannedForEncodings = 0;
			knownRegions = (
				en,
				Base,
			);
			mainGroup = AE870B6027EE9D6F005BB0D0;
			productRefGroup = AE870B6A27EE9D6F005BB0D0 /* Products */;
			projectDirPath = "";
			projectRoot = "";
			targets = (
				AE870B6827EE9D6F005BB0D0 /* LINECT01. 로그수집 */,
			);
		};
/* End PBXProject section */

/* Begin PBXSourcesBuildPhase section */
		AE870B6527EE9D6F005BB0D0 /* Sources */ = {
			isa = PBXSourcesBuildPhase;
			buildActionMask = 2147483647;
			files = (
				AE34296E27EEC30B00E87EF7 /* main.swift in Sources */,
			);
			runOnlyForDeploymentPostprocessing = 0;
		};
/* End PBXSourcesBuildPhase section */

/* Begin XCBuildConfiguration section */
		AE870B6E27EE9D6F005BB0D0 /* Debug */ = {
			isa = XCBuildConfiguration;
			buildSettings = {
				ALWAYS_SEARCH_USER_PATHS = NO;
				CLANG_ANALYZER_NONNULL = YES;
				CLANG_ANALYZER_NUMBER_OBJECT_CONVERSION = YES_AGGRESSIVE;
				CLANG_CXX_LANGUAGE_STANDARD = "gnu++17";
				CLANG_CXX_LIBRARY = "libc++";
				CLANG_ENABLE_MODULES = YES;
				CLANG_ENABLE_OBJC_ARC = YES;
				CLANG_ENABLE_OBJC_WEAK = YES;
				CLANG_WARN_BLOCK_CAPTURE_AUTORELEASING = YES;
				CLANG_WARN_BOOL_CONVERSION = YES;
				CLANG_WARN_COMMA = YES;
				CLANG_WARN_CONSTANT_CONVERSION = YES;
				CLANG_WARN_DEPRECATED_OBJC_IMPLEMENTATIONS = YES;
				CLANG_WARN_DIRECT_OBJC_ISA_USAGE = YES_ERROR;
				CLANG_WARN_DOCUMENTATION_COMMENTS = YES;
				CLANG_WARN_EMPTY_BODY = YES;
				CLANG_WARN_ENUM_CONVERSION = YES;
				CLANG_WARN_INFINITE_RECURSION = YES;
				CLANG_WARN_INT_CONVERSION = YES;
				CLANG_WARN_NON_LITERAL_NULL_CONVERSION = YES;
				CLANG_WARN_OBJC_IMPLICIT_RETAIN_SELF = YES;
				CLANG_WARN_OBJC_LITERAL_CONVERSION = YES;
				CLANG_WARN_OBJC_ROOT_CLASS = YES_ERROR;
				CLANG_WARN_QUOTED_INCLUDE_IN_FRAMEWORK_HEADER = YES;
				CLANG_WARN_RANGE_LOOP_ANALYSIS = YES;
				CLANG_WARN_STRICT_PROTOTYPES = YES;
				CLANG_WARN_SUSPICIOUS_MOVE = YES;
				CLANG_WARN_UNGUARDED_AVAILABILITY = YES_AGGRESSIVE;
				CLANG_WARN_UNREACHABLE_CODE = YES;
				CLANG_WARN__DUPLICATE_METHOD_MATCH = YES;
				COPY_PHASE_STRIP = NO;
				DEBUG_INFORMATION_FORMAT = dwarf;
				ENABLE_STRICT_OBJC_MSGSEND = YES;
				ENABLE_TESTABILITY = YES;
				GCC_C_LANGUAGE_STANDARD = gnu11;
				GCC_DYNAMIC_NO_PIC = NO;
				GCC_NO_COMMON_BLOCKS = YES;
				GCC_OPTIMIZATION_LEVEL = 0;
				GCC_PREPROCESSOR_DEFINITIONS = (
					"DEBUG=1",
					"$(inherited)",
				);
				GCC_WARN_64_TO_32_BIT_CONVERSION = YES;
				GCC_WARN_ABOUT_RETURN_TYPE = YES_ERROR;
				GCC_WARN_UNDECLARED_SELECTOR = YES;
				GCC_WARN_UNINITIALIZED_AUTOS = YES_AGGRESSIVE;
				GCC_WARN_UNUSED_FUNCTION = YES;
				GCC_WARN_UNUSED_VARIABLE = YES;
				MACOSX_DEPLOYMENT_TARGET = 11.6;
				MTL_ENABLE_DEBUG_INFO = INCLUDE_SOURCE;
				MTL_FAST_MATH = YES;
				ONLY_ACTIVE_ARCH = YES;
				SDKROOT = macosx;
				SWIFT_ACTIVE_COMPILATION_CONDITIONS = DEBUG;
				SWIFT_OPTIMIZATION_LEVEL = "-Onone";
			};
			name = Debug;
		};
		AE870B6F27EE9D6F005BB0D0 /* Release */ = {
			isa = XCBuildConfiguration;
			buildSettings = {
				ALWAYS_SEARCH_USER_PATHS = NO;
				CLANG_ANALYZER_NONNULL = YES;
				CLANG_ANALYZER_NUMBER_OBJECT_CONVERSION = YES_AGGRESSIVE;
				CLANG_CXX_LANGUAGE_STANDARD = "gnu++17";
				CLANG_CXX_LIBRARY = "libc++";
				CLANG_ENABLE_MODULES = YES;
				CLANG_ENABLE_OBJC_ARC = YES;
				CLANG_ENABLE_OBJC_WEAK = YES;
				CLANG_WARN_BLOCK_CAPTURE_AUTORELEASING = YES;
				CLANG_WARN_BOOL_CONVERSION = YES;
				CLANG_WARN_COMMA = YES;
				CLANG_WARN_CONSTANT_CONVERSION = YES;
				CLANG_WARN_DEPRECATED_OBJC_IMPLEMENTATIONS = YES;
				CLANG_WARN_DIRECT_OBJC_ISA_USAGE = YES_ERROR;
				CLANG_WARN_DOCUMENTATION_COMMENTS = YES;
				CLANG_WARN_EMPTY_BODY = YES;
				CLANG_WARN_ENUM_CONVERSION = YES;
				CLANG_WARN_INFINITE_RECURSION = YES;
				CLANG_WARN_INT_CONVERSION = YES;
				CLANG_WARN_NON_LITERAL_NULL_CONVERSION = YES;
				CLANG_WARN_OBJC_IMPLICIT_RETAIN_SELF = YES;
				CLANG_WARN_OBJC_LITERAL_CONVERSION = YES;
				CLANG_WARN_OBJC_ROOT_CLASS = YES_ERROR;
				CLANG_WARN_QUOTED_INCLUDE_IN_FRAMEWORK_HEADER = YES;
				CLANG_WARN_RANGE_LOOP_ANALYSIS = YES;
				CLANG_WARN_STRICT_PROTOTYPES = YES;
				CLANG_WARN_SUSPICIOUS_MOVE = YES;
				CLANG_WARN_UNGUARDED_AVAILABILITY = YES_AGGRESSIVE;
				CLANG_WARN_UNREACHABLE_CODE = YES;
				CLANG_WARN__DUPLICATE_METHOD_MATCH = YES;
				COPY_PHASE_STRIP = NO;
				DEBUG_INFORMATION_FORMAT = "dwarf-with-dsym";
				ENABLE_NS_ASSERTIONS = NO;
				ENABLE_STRICT_OBJC_MSGSEND = YES;
				GCC_C_LANGUAGE_STANDARD = gnu11;
				GCC_NO_COMMON_BLOCKS = YES;
				GCC_WARN_64_TO_32_BIT_CONVERSION = YES;
				GCC_WARN_ABOUT_RETURN_TYPE = YES_ERROR;
				GCC_WARN_UNDECLARED_SELECTOR = YES;
				GCC_WARN_UNINITIALIZED_AUTOS = YES_AGGRESSIVE;
				GCC_WARN_UNUSED_FUNCTION = YES;
				GCC_WARN_UNUSED_VARIABLE = YES;
				MACOSX_DEPLOYMENT_TARGET = 11.6;
				MTL_ENABLE_DEBUG_INFO = NO;
				MTL_FAST_MATH = YES;
				SDKROOT = macosx;
				SWIFT_COMPILATION_MODE = wholemodule;
				SWIFT_OPTIMIZATION_LEVEL = "-O";
			};
			name = Release;
		};
		AE870B7127EE9D6F005BB0D0 /* Debug */ = {
			isa = XCBuildConfiguration;
			buildSettings = {
				CLANG_ENABLE_MODULES = YES;
				CODE_SIGN_STYLE = Automatic;
				DEVELOPMENT_TEAM = HWBJNMY98D;
				ENABLE_HARDENED_RUNTIME = YES;
				LD_RUNPATH_SEARCH_PATHS = (
					"$(inherited)",
					"@executable_path/../Frameworks",
					"@loader_path/../Frameworks",
				);
				PRODUCT_NAME = "$(TARGET_NAME)";
				SWIFT_OPTIMIZATION_LEVEL = "-Onone";
				SWIFT_VERSION = 5.0;
			};
			name = Debug;
		};
		AE870B7227EE9D6F005BB0D0 /* Release */ = {
			isa = XCBuildConfiguration;
			buildSettings = {
				CLANG_ENABLE_MODULES = YES;
				CODE_SIGN_STYLE = Automatic;
				DEVELOPMENT_TEAM = HWBJNMY98D;
				ENABLE_HARDENED_RUNTIME = YES;
				LD_RUNPATH_SEARCH_PATHS = (
					"$(inherited)",
					"@executable_path/../Frameworks",
					"@loader_path/../Frameworks",
				);
				PRODUCT_NAME = "$(TARGET_NAME)";
				SWIFT_VERSION = 5.0;
			};
			name = Release;
		};
/* End XCBuildConfiguration section */

/* Begin XCConfigurationList section */
		AE870B6427EE9D6F005BB0D0 /* Build configuration list for PBXProject "LINECT01. 로그수집" */ = {
			isa = XCConfigurationList;
			buildConfigurations = (
				AE870B6E27EE9D6F005BB0D0 /* Debug */,
				AE870B6F27EE9D6F005BB0D0 /* Release */,
			);
			defaultConfigurationIsVisible = 0;
			defaultConfigurationName = Release;
		};
		AE870B7027EE9D6F005BB0D0 /* Build configuration list for PBXNativeTarget "LINECT01. 로그수집" */ = {
			isa = XCConfigurationList;
			buildConfigurations = (
				AE870B7127EE9D6F005BB0D0 /* Debug */,
				AE870B7227EE9D6F005BB0D0 /* Release */,
			);
			defaultConfigurationIsVisible = 0;
			defaultConfigurationName = Release;
		};
/* End XCConfigurationList section */
	};
	rootObject = AE870B6127EE9D6F005BB0D0 /* Project object */;
}
