// !$*UTF8*$!
{
	archiveVersion = 1;
	classes = {
	};
	objectVersion = 55;
	objects = {

/* Begin PBXBuildFile section */
		AEE08962281E44A500D9544B /* main.swift in Sources */ = {isa = PBXBuildFile; fileRef = AEE08961281E44A500D9544B /* main.swift */; };
/* End PBXBuildFile section */

/* Begin PBXCopyFilesBuildPhase section */
		AEE0893E281E001000D9544B /* CopyFiles */ = {
			isa = PBXCopyFilesBuildPhase;
			buildActionMask = 2147483647;
			dstPath = /usr/share/man/man1/;
			dstSubfolderSpec = 0;
			files = (
			);
			runOnlyForDeploymentPostprocessing = 1;
		};
/* End PBXCopyFilesBuildPhase section */

/* Begin PBXFileReference section */
		AEE08940281E001000D9544B /* 카카오문제다시풀어보기 */ = {isa = PBXFileReference; explicitFileType = "compiled.mach-o.executable"; includeInIndex = 0; path = "카카오문제다시풀어보기"; sourceTree = BUILT_PRODUCTS_DIR; };
		AEE08943281E001000D9544B /* main.swift */ = {isa = PBXFileReference; lastKnownFileType = sourcecode.swift; path = main.swift; sourceTree = "<group>"; };
		AEE0894B281E06E200D9544B /* main.swift */ = {isa = PBXFileReference; lastKnownFileType = sourcecode.swift; path = main.swift; sourceTree = "<group>"; };
		AEE0894E281E0F8200D9544B /* main.swift */ = {isa = PBXFileReference; lastKnownFileType = sourcecode.swift; path = main.swift; sourceTree = "<group>"; };
		AEE08951281E12D900D9544B /* main.swift */ = {isa = PBXFileReference; lastKnownFileType = sourcecode.swift; path = main.swift; sourceTree = "<group>"; };
		AEE08954281E182900D9544B /* main.swift */ = {isa = PBXFileReference; lastKnownFileType = sourcecode.swift; path = main.swift; sourceTree = "<group>"; };
		AEE08957281E21B400D9544B /* main.swift */ = {isa = PBXFileReference; lastKnownFileType = sourcecode.swift; path = main.swift; sourceTree = "<group>"; };
		AEE0895A281E2B8F00D9544B /* main.swift */ = {isa = PBXFileReference; lastKnownFileType = sourcecode.swift; path = main.swift; sourceTree = "<group>"; };
		AEE08961281E44A500D9544B /* main.swift */ = {isa = PBXFileReference; lastKnownFileType = sourcecode.swift; path = main.swift; sourceTree = "<group>"; };
/* End PBXFileReference section */

/* Begin PBXFrameworksBuildPhase section */
		AEE0893D281E001000D9544B /* Frameworks */ = {
			isa = PBXFrameworksBuildPhase;
			buildActionMask = 2147483647;
			files = (
			);
			runOnlyForDeploymentPostprocessing = 0;
		};
/* End PBXFrameworksBuildPhase section */

/* Begin PBXGroup section */
		AEE08937281E001000D9544B = {
			isa = PBXGroup;
			children = (
				AEE08960281E449B00D9544B /* Level1. 다트 */,
				AEE08959281E2B7B00D9544B /* Level1.비밀지도 */,
				AEE08956281E21A700D9544B /* Level1.실패율 */,
				AEE08953281E181B00D9544B /* Level1.크레인 인형뽑기 게임 */,
				AEE08950281E12CD00D9544B /* Lebel1.키패드 누르기 */,
				AEE0894D281E0F4900D9544B /* Lavel1.숫자 문자열과 영단어 */,
				AEE0894A281E06D200D9544B /* Level1.신규 아이디 추천 */,
				AEE08942281E001000D9544B /* Level1.신고결과받기 */,
				AEE08941281E001000D9544B /* Products */,
			);
			sourceTree = "<group>";
		};
		AEE08941281E001000D9544B /* Products */ = {
			isa = PBXGroup;
			children = (
				AEE08940281E001000D9544B /* 카카오문제다시풀어보기 */,
			);
			name = Products;
			sourceTree = "<group>";
		};
		AEE08942281E001000D9544B /* Level1.신고결과받기 */ = {
			isa = PBXGroup;
			children = (
				AEE08943281E001000D9544B /* main.swift */,
			);
			name = "Level1.신고결과받기";
			path = "Level1.신고결과받기";
			sourceTree = "<group>";
		};
		AEE0894A281E06D200D9544B /* Level1.신규 아이디 추천 */ = {
			isa = PBXGroup;
			children = (
				AEE0894B281E06E200D9544B /* main.swift */,
			);
			name = "Level1.신규 아이디 추천";
			path = "Level1.신규 아이디 추천";
			sourceTree = "<group>";
		};
		AEE0894D281E0F4900D9544B /* Lavel1.숫자 문자열과 영단어 */ = {
			isa = PBXGroup;
			children = (
				AEE0894E281E0F8200D9544B /* main.swift */,
			);
			name = "Lavel1.숫자 문자열과 영단어";
			path = "Lavel1.숫자 문자열과 영단어";
			sourceTree = "<group>";
		};
		AEE08950281E12CD00D9544B /* Lebel1.키패드 누르기 */ = {
			isa = PBXGroup;
			children = (
				AEE08951281E12D900D9544B /* main.swift */,
			);
			name = "Lebel1.키패드 누르기";
			path = "Lebel1.키패드 누르기";
			sourceTree = "<group>";
		};
		AEE08953281E181B00D9544B /* Level1.크레인 인형뽑기 게임 */ = {
			isa = PBXGroup;
			children = (
				AEE08954281E182900D9544B /* main.swift */,
			);
			name = "Level1.크레인 인형뽑기 게임";
			path = "Level1.크레인 인형뽑기 게임";
			sourceTree = "<group>";
		};
		AEE08956281E21A700D9544B /* Level1.실패율 */ = {
			isa = PBXGroup;
			children = (
				AEE08957281E21B400D9544B /* main.swift */,
			);
			name = "Level1.실패율";
			path = "Level2.실패율";
			sourceTree = "<group>";
		};
		AEE08959281E2B7B00D9544B /* Level1.비밀지도 */ = {
			isa = PBXGroup;
			children = (
				AEE0895A281E2B8F00D9544B /* main.swift */,
			);
			name = "Level1.비밀지도";
			path = "Level1.비밀지도";
			sourceTree = "<group>";
		};
		AEE08960281E449B00D9544B /* Level1. 다트 */ = {
			isa = PBXGroup;
			children = (
				AEE08961281E44A500D9544B /* main.swift */,
			);
			name = "Level1. 다트";
			path = "Level1. 다트";
			sourceTree = "<group>";
		};
/* End PBXGroup section */

/* Begin PBXNativeTarget section */
		AEE0893F281E001000D9544B /* 카카오문제다시풀어보기 */ = {
			isa = PBXNativeTarget;
			buildConfigurationList = AEE08947281E001000D9544B /* Build configuration list for PBXNativeTarget "카카오문제다시풀어보기" */;
			buildPhases = (
				AEE0893C281E001000D9544B /* Sources */,
				AEE0893D281E001000D9544B /* Frameworks */,
				AEE0893E281E001000D9544B /* CopyFiles */,
			);
			buildRules = (
			);
			dependencies = (
			);
			name = "카카오문제다시풀어보기";
			productName = "카카오문제다시풀어보기";
			productReference = AEE08940281E001000D9544B /* 카카오문제다시풀어보기 */;
			productType = "com.apple.product-type.tool";
		};
/* End PBXNativeTarget section */

/* Begin PBXProject section */
		AEE08938281E001000D9544B /* Project object */ = {
			isa = PBXProject;
			attributes = {
				BuildIndependentTargetsInParallel = 1;
				LastSwiftUpdateCheck = 1320;
				LastUpgradeCheck = 1320;
				TargetAttributes = {
					AEE0893F281E001000D9544B = {
						CreatedOnToolsVersion = 13.2.1;
						LastSwiftMigration = 1320;
					};
				};
			};
			buildConfigurationList = AEE0893B281E001000D9544B /* Build configuration list for PBXProject "카카오문제다시풀어보기" */;
			compatibilityVersion = "Xcode 13.0";
			developmentRegion = en;
			hasScannedForEncodings = 0;
			knownRegions = (
				en,
				Base,
			);
			mainGroup = AEE08937281E001000D9544B;
			productRefGroup = AEE08941281E001000D9544B /* Products */;
			projectDirPath = "";
			projectRoot = "";
			targets = (
				AEE0893F281E001000D9544B /* 카카오문제다시풀어보기 */,
			);
		};
/* End PBXProject section */

/* Begin PBXSourcesBuildPhase section */
		AEE0893C281E001000D9544B /* Sources */ = {
			isa = PBXSourcesBuildPhase;
			buildActionMask = 2147483647;
			files = (
				AEE08962281E44A500D9544B /* main.swift in Sources */,
			);
			runOnlyForDeploymentPostprocessing = 0;
		};
/* End PBXSourcesBuildPhase section */

/* Begin XCBuildConfiguration section */
		AEE08945281E001000D9544B /* Debug */ = {
			isa = XCBuildConfiguration;
			buildSettings = {
				ALWAYS_SEARCH_USER_PATHS = NO;
				CLANG_ANALYZER_NONNULL = YES;
				CLANG_ANALYZER_NUMBER_OBJECT_CONVERSION = YES_AGGRESSIVE;
				CLANG_CXX_LANGUAGE_STANDARD = "gnu++17";
				CLANG_CXX_LIBRARY = "libc++";
				CLANG_ENABLE_MODULES = YES;
				CLANG_ENABLE_OBJC_ARC = YES;
				CLANG_ENABLE_OBJC_WEAK = YES;
				CLANG_WARN_BLOCK_CAPTURE_AUTORELEASING = YES;
				CLANG_WARN_BOOL_CONVERSION = YES;
				CLANG_WARN_COMMA = YES;
				CLANG_WARN_CONSTANT_CONVERSION = YES;
				CLANG_WARN_DEPRECATED_OBJC_IMPLEMENTATIONS = YES;
				CLANG_WARN_DIRECT_OBJC_ISA_USAGE = YES_ERROR;
				CLANG_WARN_DOCUMENTATION_COMMENTS = YES;
				CLANG_WARN_EMPTY_BODY = YES;
				CLANG_WARN_ENUM_CONVERSION = YES;
				CLANG_WARN_INFINITE_RECURSION = YES;
				CLANG_WARN_INT_CONVERSION = YES;
				CLANG_WARN_NON_LITERAL_NULL_CONVERSION = YES;
				CLANG_WARN_OBJC_IMPLICIT_RETAIN_SELF = YES;
				CLANG_WARN_OBJC_LITERAL_CONVERSION = YES;
				CLANG_WARN_OBJC_ROOT_CLASS = YES_ERROR;
				CLANG_WARN_QUOTED_INCLUDE_IN_FRAMEWORK_HEADER = YES;
				CLANG_WARN_RANGE_LOOP_ANALYSIS = YES;
				CLANG_WARN_STRICT_PROTOTYPES = YES;
				CLANG_WARN_SUSPICIOUS_MOVE = YES;
				CLANG_WARN_UNGUARDED_AVAILABILITY = YES_AGGRESSIVE;
				CLANG_WARN_UNREACHABLE_CODE = YES;
				CLANG_WARN__DUPLICATE_METHOD_MATCH = YES;
				COPY_PHASE_STRIP = NO;
				DEBUG_INFORMATION_FORMAT = dwarf;
				ENABLE_STRICT_OBJC_MSGSEND = YES;
				ENABLE_TESTABILITY = YES;
				GCC_C_LANGUAGE_STANDARD = gnu11;
				GCC_DYNAMIC_NO_PIC = NO;
				GCC_NO_COMMON_BLOCKS = YES;
				GCC_OPTIMIZATION_LEVEL = 0;
				GCC_PREPROCESSOR_DEFINITIONS = (
					"DEBUG=1",
					"$(inherited)",
				);
				GCC_WARN_64_TO_32_BIT_CONVERSION = YES;
				GCC_WARN_ABOUT_RETURN_TYPE = YES_ERROR;
				GCC_WARN_UNDECLARED_SELECTOR = YES;
				GCC_WARN_UNINITIALIZED_AUTOS = YES_AGGRESSIVE;
				GCC_WARN_UNUSED_FUNCTION = YES;
				GCC_WARN_UNUSED_VARIABLE = YES;
				MACOSX_DEPLOYMENT_TARGET = 11.6;
				MTL_ENABLE_DEBUG_INFO = INCLUDE_SOURCE;
				MTL_FAST_MATH = YES;
				ONLY_ACTIVE_ARCH = YES;
				SDKROOT = macosx;
				SWIFT_ACTIVE_COMPILATION_CONDITIONS = DEBUG;
				SWIFT_OPTIMIZATION_LEVEL = "-Onone";
			};
			name = Debug;
		};
		AEE08946281E001000D9544B /* Release */ = {
			isa = XCBuildConfiguration;
			buildSettings = {
				ALWAYS_SEARCH_USER_PATHS = NO;
				CLANG_ANALYZER_NONNULL = YES;
				CLANG_ANALYZER_NUMBER_OBJECT_CONVERSION = YES_AGGRESSIVE;
				CLANG_CXX_LANGUAGE_STANDARD = "gnu++17";
				CLANG_CXX_LIBRARY = "libc++";
				CLANG_ENABLE_MODULES = YES;
				CLANG_ENABLE_OBJC_ARC = YES;
				CLANG_ENABLE_OBJC_WEAK = YES;
				CLANG_WARN_BLOCK_CAPTURE_AUTORELEASING = YES;
				CLANG_WARN_BOOL_CONVERSION = YES;
				CLANG_WARN_COMMA = YES;
				CLANG_WARN_CONSTANT_CONVERSION = YES;
				CLANG_WARN_DEPRECATED_OBJC_IMPLEMENTATIONS = YES;
				CLANG_WARN_DIRECT_OBJC_ISA_USAGE = YES_ERROR;
				CLANG_WARN_DOCUMENTATION_COMMENTS = YES;
				CLANG_WARN_EMPTY_BODY = YES;
				CLANG_WARN_ENUM_CONVERSION = YES;
				CLANG_WARN_INFINITE_RECURSION = YES;
				CLANG_WARN_INT_CONVERSION = YES;
				CLANG_WARN_NON_LITERAL_NULL_CONVERSION = YES;
				CLANG_WARN_OBJC_IMPLICIT_RETAIN_SELF = YES;
				CLANG_WARN_OBJC_LITERAL_CONVERSION = YES;
				CLANG_WARN_OBJC_ROOT_CLASS = YES_ERROR;
				CLANG_WARN_QUOTED_INCLUDE_IN_FRAMEWORK_HEADER = YES;
				CLANG_WARN_RANGE_LOOP_ANALYSIS = YES;
				CLANG_WARN_STRICT_PROTOTYPES = YES;
				CLANG_WARN_SUSPICIOUS_MOVE = YES;
				CLANG_WARN_UNGUARDED_AVAILABILITY = YES_AGGRESSIVE;
				CLANG_WARN_UNREACHABLE_CODE = YES;
				CLANG_WARN__DUPLICATE_METHOD_MATCH = YES;
				COPY_PHASE_STRIP = NO;
				DEBUG_INFORMATION_FORMAT = "dwarf-with-dsym";
				ENABLE_NS_ASSERTIONS = NO;
				ENABLE_STRICT_OBJC_MSGSEND = YES;
				GCC_C_LANGUAGE_STANDARD = gnu11;
				GCC_NO_COMMON_BLOCKS = YES;
				GCC_WARN_64_TO_32_BIT_CONVERSION = YES;
				GCC_WARN_ABOUT_RETURN_TYPE = YES_ERROR;
				GCC_WARN_UNDECLARED_SELECTOR = YES;
				GCC_WARN_UNINITIALIZED_AUTOS = YES_AGGRESSIVE;
				GCC_WARN_UNUSED_FUNCTION = YES;
				GCC_WARN_UNUSED_VARIABLE = YES;
				MACOSX_DEPLOYMENT_TARGET = 11.6;
				MTL_ENABLE_DEBUG_INFO = NO;
				MTL_FAST_MATH = YES;
				SDKROOT = macosx;
				SWIFT_COMPILATION_MODE = wholemodule;
				SWIFT_OPTIMIZATION_LEVEL = "-O";
			};
			name = Release;
		};
		AEE08948281E001000D9544B /* Debug */ = {
			isa = XCBuildConfiguration;
			buildSettings = {
				CLANG_ENABLE_MODULES = YES;
				CODE_SIGN_STYLE = Automatic;
				DEVELOPMENT_TEAM = HWBJNMY98D;
				ENABLE_HARDENED_RUNTIME = YES;
				LD_RUNPATH_SEARCH_PATHS = (
					"$(inherited)",
					"@executable_path/../Frameworks",
					"@loader_path/../Frameworks",
				);
				PRODUCT_NAME = "$(TARGET_NAME)";
				SWIFT_OBJC_BRIDGING_HEADER = "";
				SWIFT_OPTIMIZATION_LEVEL = "-Onone";
				SWIFT_VERSION = 5.0;
			};
			name = Debug;
		};
		AEE08949281E001000D9544B /* Release */ = {
			isa = XCBuildConfiguration;
			buildSettings = {
				CLANG_ENABLE_MODULES = YES;
				CODE_SIGN_STYLE = Automatic;
				DEVELOPMENT_TEAM = HWBJNMY98D;
				ENABLE_HARDENED_RUNTIME = YES;
				LD_RUNPATH_SEARCH_PATHS = (
					"$(inherited)",
					"@executable_path/../Frameworks",
					"@loader_path/../Frameworks",
				);
				PRODUCT_NAME = "$(TARGET_NAME)";
				SWIFT_OBJC_BRIDGING_HEADER = "";
				SWIFT_VERSION = 5.0;
			};
			name = Release;
		};
/* End XCBuildConfiguration section */

/* Begin XCConfigurationList section */
		AEE0893B281E001000D9544B /* Build configuration list for PBXProject "카카오문제다시풀어보기" */ = {
			isa = XCConfigurationList;
			buildConfigurations = (
				AEE08945281E001000D9544B /* Debug */,
				AEE08946281E001000D9544B /* Release */,
			);
			defaultConfigurationIsVisible = 0;
			defaultConfigurationName = Release;
		};
		AEE08947281E001000D9544B /* Build configuration list for PBXNativeTarget "카카오문제다시풀어보기" */ = {
			isa = XCConfigurationList;
			buildConfigurations = (
				AEE08948281E001000D9544B /* Debug */,
				AEE08949281E001000D9544B /* Release */,
			);
			defaultConfigurationIsVisible = 0;
			defaultConfigurationName = Release;
		};
/* End XCConfigurationList section */
	};
	rootObject = AEE08938281E001000D9544B /* Project object */;
}
