// !$*UTF8*$!
{
	archiveVersion = 1;
	classes = {
	};
	objectVersion = 55;
	objects = {

/* Begin PBXBuildFile section */
		1D6AB355270D227900E213B5 /* AppDelegate.swift in Sources */ = {isa = PBXBuildFile; fileRef = 1D6AB354270D227900E213B5 /* AppDelegate.swift */; };
		1D6AB357270D227900E213B5 /* SceneDelegate.swift in Sources */ = {isa = PBXBuildFile; fileRef = 1D6AB356270D227900E213B5 /* SceneDelegate.swift */; };
		1D6AB359270D227900E213B5 /* FolderViewController.swift in Sources */ = {isa = PBXBuildFile; fileRef = 1D6AB358270D227900E213B5 /* FolderViewController.swift */; };
		1D6AB35C270D227900E213B5 /* Main.storyboard in Resources */ = {isa = PBXBuildFile; fileRef = 1D6AB35A270D227900E213B5 /* Main.storyboard */; };
		1D6AB35E270D227900E213B5 /* Assets.xcassets in Resources */ = {isa = PBXBuildFile; fileRef = 1D6AB35D270D227900E213B5 /* Assets.xcassets */; };
		1D6AB361270D227900E213B5 /* LaunchScreen.storyboard in Resources */ = {isa = PBXBuildFile; fileRef = 1D6AB35F270D227900E213B5 /* LaunchScreen.storyboard */; };
		AE34DD23270E7B2E00705971 /* MemoDataModel.xcdatamodeld in Sources */ = {isa = PBXBuildFile; fileRef = AE34DD21270E7B2E00705971 /* MemoDataModel.xcdatamodeld */; };
		AE62BA7B270D7C5800EF2233 /* UIColor.swift in Sources */ = {isa = PBXBuildFile; fileRef = AE62BA7A270D7C5800EF2233 /* UIColor.swift */; };
		AEC79A5B270D8C6200F46ACE /* Write.storyboard in Resources */ = {isa = PBXBuildFile; fileRef = AEC79A5A270D8C6200F46ACE /* Write.storyboard */; };
		AEC79A5D270D8DA500F46ACE /* WriteViewController.swift in Sources */ = {isa = PBXBuildFile; fileRef = AEC79A5C270D8DA500F46ACE /* WriteViewController.swift */; };
		AED3FA57270EB74A00A7213D /* CoreDataManager.swift in Sources */ = {isa = PBXBuildFile; fileRef = AED3FA56270EB74A00A7213D /* CoreDataManager.swift */; };
		C8FA16D6A634F55292E859D1 /* Pods_zaeMemo.framework in Frameworks */ = {isa = PBXBuildFile; fileRef = 292358880E1C53ED279D2725 /* Pods_zaeMemo.framework */; };
/* End PBXBuildFile section */

/* Begin PBXFileReference section */
		1D6AB351270D227900E213B5 /* zaeMemo.app */ = {isa = PBXFileReference; explicitFileType = wrapper.application; includeInIndex = 0; path = zaeMemo.app; sourceTree = BUILT_PRODUCTS_DIR; };
		1D6AB354270D227900E213B5 /* AppDelegate.swift */ = {isa = PBXFileReference; lastKnownFileType = sourcecode.swift; path = AppDelegate.swift; sourceTree = "<group>"; };
		1D6AB356270D227900E213B5 /* SceneDelegate.swift */ = {isa = PBXFileReference; lastKnownFileType = sourcecode.swift; path = SceneDelegate.swift; sourceTree = "<group>"; };
		1D6AB358270D227900E213B5 /* FolderViewController.swift */ = {isa = PBXFileReference; lastKnownFileType = sourcecode.swift; path = FolderViewController.swift; sourceTree = "<group>"; };
		1D6AB35B270D227900E213B5 /* Base */ = {isa = PBXFileReference; lastKnownFileType = file.storyboard; name = Base; path = Base.lproj/Main.storyboard; sourceTree = "<group>"; };
		1D6AB35D270D227900E213B5 /* Assets.xcassets */ = {isa = PBXFileReference; lastKnownFileType = folder.assetcatalog; path = Assets.xcassets; sourceTree = "<group>"; };
		1D6AB360270D227900E213B5 /* Base */ = {isa = PBXFileReference; lastKnownFileType = file.storyboard; name = Base; path = Base.lproj/LaunchScreen.storyboard; sourceTree = "<group>"; };
		1D6AB362270D227900E213B5 /* Info.plist */ = {isa = PBXFileReference; lastKnownFileType = text.plist.xml; path = Info.plist; sourceTree = "<group>"; };
		292358880E1C53ED279D2725 /* Pods_zaeMemo.framework */ = {isa = PBXFileReference; explicitFileType = wrapper.framework; includeInIndex = 0; path = Pods_zaeMemo.framework; sourceTree = BUILT_PRODUCTS_DIR; };
		4ED05A83A00D44A282440406 /* Pods-zaeMemo.debug.xcconfig */ = {isa = PBXFileReference; includeInIndex = 1; lastKnownFileType = text.xcconfig; name = "Pods-zaeMemo.debug.xcconfig"; path = "Target Support Files/Pods-zaeMemo/Pods-zaeMemo.debug.xcconfig"; sourceTree = "<group>"; };
		A58B7275810E6EB7D8020539 /* Pods-zaeMemo.release.xcconfig */ = {isa = PBXFileReference; includeInIndex = 1; lastKnownFileType = text.xcconfig; name = "Pods-zaeMemo.release.xcconfig"; path = "Target Support Files/Pods-zaeMemo/Pods-zaeMemo.release.xcconfig"; sourceTree = "<group>"; };
		AE34DD22270E7B2E00705971 /* MemoDataModel.xcdatamodel */ = {isa = PBXFileReference; lastKnownFileType = wrapper.xcdatamodel; path = MemoDataModel.xcdatamodel; sourceTree = "<group>"; };
		AE62BA7A270D7C5800EF2233 /* UIColor.swift */ = {isa = PBXFileReference; lastKnownFileType = sourcecode.swift; path = UIColor.swift; sourceTree = "<group>"; };
		AEC79A5A270D8C6200F46ACE /* Write.storyboard */ = {isa = PBXFileReference; lastKnownFileType = file.storyboard; path = Write.storyboard; sourceTree = "<group>"; };
		AEC79A5C270D8DA500F46ACE /* WriteViewController.swift */ = {isa = PBXFileReference; lastKnownFileType = sourcecode.swift; path = WriteViewController.swift; sourceTree = "<group>"; };
		AED3FA56270EB74A00A7213D /* CoreDataManager.swift */ = {isa = PBXFileReference; lastKnownFileType = sourcecode.swift; path = CoreDataManager.swift; sourceTree = "<group>"; };
/* End PBXFileReference section */

/* Begin PBXFrameworksBuildPhase section */
		1D6AB34E270D227900E213B5 /* Frameworks */ = {
			isa = PBXFrameworksBuildPhase;
			buildActionMask = 2147483647;
			files = (
				C8FA16D6A634F55292E859D1 /* Pods_zaeMemo.framework in Frameworks */,
			);
			runOnlyForDeploymentPostprocessing = 0;
		};
/* End PBXFrameworksBuildPhase section */

/* Begin PBXGroup section */
		0CA09325BD9BEBC37394D5C8 /* Frameworks */ = {
			isa = PBXGroup;
			children = (
				292358880E1C53ED279D2725 /* Pods_zaeMemo.framework */,
			);
			name = Frameworks;
			sourceTree = "<group>";
		};
		1D6AB348270D227900E213B5 = {
			isa = PBXGroup;
			children = (
				1D6AB353270D227900E213B5 /* zaeMemo */,
				1D6AB352270D227900E213B5 /* Products */,
				C4B6ED3870188C47A8063E84 /* Pods */,
				0CA09325BD9BEBC37394D5C8 /* Frameworks */,
			);
			sourceTree = "<group>";
		};
		1D6AB352270D227900E213B5 /* Products */ = {
			isa = PBXGroup;
			children = (
				1D6AB351270D227900E213B5 /* zaeMemo.app */,
			);
			name = Products;
			sourceTree = "<group>";
		};
		1D6AB353270D227900E213B5 /* zaeMemo */ = {
			isa = PBXGroup;
			children = (
				AE62BA78270D7C3D00EF2233 /* Extensions */,
				AE62BA69270D5BF200EF2233 /* Classes */,
				AE62BA68270D5BED00EF2233 /* Cells */,
				AE62BA67270D5BCB00EF2233 /* Models */,
				AE62BA66270D5BC600EF2233 /* Vcs */,
				1D6AB368270D22D000E213B5 /* Stroyboards */,
				1D6AB354270D227900E213B5 /* AppDelegate.swift */,
				1D6AB356270D227900E213B5 /* SceneDelegate.swift */,
				1D6AB35D270D227900E213B5 /* Assets.xcassets */,
				1D6AB35F270D227900E213B5 /* LaunchScreen.storyboard */,
				1D6AB362270D227900E213B5 /* Info.plist */,
				AED3FA56270EB74A00A7213D /* CoreDataManager.swift */,
			);
			path = zaeMemo;
			sourceTree = "<group>";
		};
		1D6AB368270D22D000E213B5 /* Stroyboards */ = {
			isa = PBXGroup;
			children = (
				1D6AB35A270D227900E213B5 /* Main.storyboard */,
				AEC79A5A270D8C6200F46ACE /* Write.storyboard */,
			);
			path = Stroyboards;
			sourceTree = "<group>";
		};
		AE62BA66270D5BC600EF2233 /* Vcs */ = {
			isa = PBXGroup;
			children = (
				1D6AB358270D227900E213B5 /* FolderViewController.swift */,
				AEC79A5C270D8DA500F46ACE /* WriteViewController.swift */,
			);
			path = Vcs;
			sourceTree = "<group>";
		};
		AE62BA67270D5BCB00EF2233 /* Models */ = {
			isa = PBXGroup;
			children = (
				AE34DD21270E7B2E00705971 /* MemoDataModel.xcdatamodeld */,
			);
			path = Models;
			sourceTree = "<group>";
		};
		AE62BA68270D5BED00EF2233 /* Cells */ = {
			isa = PBXGroup;
			children = (
			);
			path = Cells;
			sourceTree = "<group>";
		};
		AE62BA69270D5BF200EF2233 /* Classes */ = {
			isa = PBXGroup;
			children = (
			);
			path = Classes;
			sourceTree = "<group>";
		};
		AE62BA78270D7C3D00EF2233 /* Extensions */ = {
			isa = PBXGroup;
			children = (
				AE62BA7A270D7C5800EF2233 /* UIColor.swift */,
			);
			path = Extensions;
			sourceTree = "<group>";
		};
		C4B6ED3870188C47A8063E84 /* Pods */ = {
			isa = PBXGroup;
			children = (
				4ED05A83A00D44A282440406 /* Pods-zaeMemo.debug.xcconfig */,
				A58B7275810E6EB7D8020539 /* Pods-zaeMemo.release.xcconfig */,
			);
			path = Pods;
			sourceTree = "<group>";
		};
/* End PBXGroup section */

/* Begin PBXNativeTarget section */
		1D6AB350270D227900E213B5 /* zaeMemo */ = {
			isa = PBXNativeTarget;
			buildConfigurationList = 1D6AB365270D227900E213B5 /* Build configuration list for PBXNativeTarget "zaeMemo" */;
			buildPhases = (
				2D7C5E9FAB91E5A6D9998E58 /* [CP] Check Pods Manifest.lock */,
				1D6AB34D270D227900E213B5 /* Sources */,
				1D6AB34E270D227900E213B5 /* Frameworks */,
				1D6AB34F270D227900E213B5 /* Resources */,
				6D000DBCAEF680DB3991AB62 /* [CP] Embed Pods Frameworks */,
			);
			buildRules = (
			);
			dependencies = (
			);
			name = zaeMemo;
			productName = zaeMemo;
			productReference = 1D6AB351270D227900E213B5 /* zaeMemo.app */;
			productType = "com.apple.product-type.application";
		};
/* End PBXNativeTarget section */

/* Begin PBXProject section */
		1D6AB349270D227900E213B5 /* Project object */ = {
			isa = PBXProject;
			attributes = {
				BuildIndependentTargetsInParallel = 1;
				LastSwiftUpdateCheck = 1300;
				LastUpgradeCheck = 1300;
				TargetAttributes = {
					1D6AB350270D227900E213B5 = {
						CreatedOnToolsVersion = 13.0;
					};
				};
			};
			buildConfigurationList = 1D6AB34C270D227900E213B5 /* Build configuration list for PBXProject "zaeMemo" */;
			compatibilityVersion = "Xcode 13.0";
			developmentRegion = en;
			hasScannedForEncodings = 0;
			knownRegions = (
				en,
				Base,
			);
			mainGroup = 1D6AB348270D227900E213B5;
			productRefGroup = 1D6AB352270D227900E213B5 /* Products */;
			projectDirPath = "";
			projectRoot = "";
			targets = (
				1D6AB350270D227900E213B5 /* zaeMemo */,
			);
		};
/* End PBXProject section */

/* Begin PBXResourcesBuildPhase section */
		1D6AB34F270D227900E213B5 /* Resources */ = {
			isa = PBXResourcesBuildPhase;
			buildActionMask = 2147483647;
			files = (
				1D6AB361270D227900E213B5 /* LaunchScreen.storyboard in Resources */,
				1D6AB35E270D227900E213B5 /* Assets.xcassets in Resources */,
				AEC79A5B270D8C6200F46ACE /* Write.storyboard in Resources */,
				1D6AB35C270D227900E213B5 /* Main.storyboard in Resources */,
			);
			runOnlyForDeploymentPostprocessing = 0;
		};
/* End PBXResourcesBuildPhase section */

/* Begin PBXShellScriptBuildPhase section */
		2D7C5E9FAB91E5A6D9998E58 /* [CP] Check Pods Manifest.lock */ = {
			isa = PBXShellScriptBuildPhase;
			buildActionMask = 2147483647;
			files = (
			);
			inputFileListPaths = (
			);
			inputPaths = (
				"${PODS_PODFILE_DIR_PATH}/Podfile.lock",
				"${PODS_ROOT}/Manifest.lock",
			);
			name = "[CP] Check Pods Manifest.lock";
			outputFileListPaths = (
			);
			outputPaths = (
				"$(DERIVED_FILE_DIR)/Pods-zaeMemo-checkManifestLockResult.txt",
			);
			runOnlyForDeploymentPostprocessing = 0;
			shellPath = /bin/sh;
			shellScript = "diff \"${PODS_PODFILE_DIR_PATH}/Podfile.lock\" \"${PODS_ROOT}/Manifest.lock\" > /dev/null\nif [ $? != 0 ] ; then\n    # print error to STDERR\n    echo \"error: The sandbox is not in sync with the Podfile.lock. Run 'pod install' or update your CocoaPods installation.\" >&2\n    exit 1\nfi\n# This output is used by Xcode 'outputs' to avoid re-running this script phase.\necho \"SUCCESS\" > \"${SCRIPT_OUTPUT_FILE_0}\"\n";
			showEnvVarsInLog = 0;
		};
		6D000DBCAEF680DB3991AB62 /* [CP] Embed Pods Frameworks */ = {
			isa = PBXShellScriptBuildPhase;
			buildActionMask = 2147483647;
			files = (
			);
			inputFileListPaths = (
				"${PODS_ROOT}/Target Support Files/Pods-zaeMemo/Pods-zaeMemo-frameworks-${CONFIGURATION}-input-files.xcfilelist",
			);
			name = "[CP] Embed Pods Frameworks";
			outputFileListPaths = (
				"${PODS_ROOT}/Target Support Files/Pods-zaeMemo/Pods-zaeMemo-frameworks-${CONFIGURATION}-output-files.xcfilelist",
			);
			runOnlyForDeploymentPostprocessing = 0;
			shellPath = /bin/sh;
			shellScript = "\"${PODS_ROOT}/Target Support Files/Pods-zaeMemo/Pods-zaeMemo-frameworks.sh\"\n";
			showEnvVarsInLog = 0;
		};
/* End PBXShellScriptBuildPhase section */

/* Begin PBXSourcesBuildPhase section */
		1D6AB34D270D227900E213B5 /* Sources */ = {
			isa = PBXSourcesBuildPhase;
			buildActionMask = 2147483647;
			files = (
				1D6AB359270D227900E213B5 /* FolderViewController.swift in Sources */,
				AE34DD23270E7B2E00705971 /* MemoDataModel.xcdatamodeld in Sources */,
				AE62BA7B270D7C5800EF2233 /* UIColor.swift in Sources */,
				1D6AB355270D227900E213B5 /* AppDelegate.swift in Sources */,
				AEC79A5D270D8DA500F46ACE /* WriteViewController.swift in Sources */,
				AED3FA57270EB74A00A7213D /* CoreDataManager.swift in Sources */,
				1D6AB357270D227900E213B5 /* SceneDelegate.swift in Sources */,
			);
			runOnlyForDeploymentPostprocessing = 0;
		};
/* End PBXSourcesBuildPhase section */

/* Begin PBXVariantGroup section */
		1D6AB35A270D227900E213B5 /* Main.storyboard */ = {
			isa = PBXVariantGroup;
			children = (
				1D6AB35B270D227900E213B5 /* Base */,
			);
			name = Main.storyboard;
			sourceTree = "<group>";
		};
		1D6AB35F270D227900E213B5 /* LaunchScreen.storyboard */ = {
			isa = PBXVariantGroup;
			children = (
				1D6AB360270D227900E213B5 /* Base */,
			);
			name = LaunchScreen.storyboard;
			sourceTree = "<group>";
		};
/* End PBXVariantGroup section */

/* Begin XCBuildConfiguration section */
		1D6AB363270D227900E213B5 /* Debug */ = {
			isa = XCBuildConfiguration;
			buildSettings = {
				ALWAYS_SEARCH_USER_PATHS = NO;
				CLANG_ANALYZER_NONNULL = YES;
				CLANG_ANALYZER_NUMBER_OBJECT_CONVERSION = YES_AGGRESSIVE;
				CLANG_CXX_LANGUAGE_STANDARD = "gnu++17";
				CLANG_CXX_LIBRARY = "libc++";
				CLANG_ENABLE_MODULES = YES;
				CLANG_ENABLE_OBJC_ARC = YES;
				CLANG_ENABLE_OBJC_WEAK = YES;
				CLANG_WARN_BLOCK_CAPTURE_AUTORELEASING = YES;
				CLANG_WARN_BOOL_CONVERSION = YES;
				CLANG_WARN_COMMA = YES;
				CLANG_WARN_CONSTANT_CONVERSION = YES;
				CLANG_WARN_DEPRECATED_OBJC_IMPLEMENTATIONS = YES;
				CLANG_WARN_DIRECT_OBJC_ISA_USAGE = YES_ERROR;
				CLANG_WARN_DOCUMENTATION_COMMENTS = YES;
				CLANG_WARN_EMPTY_BODY = YES;
				CLANG_WARN_ENUM_CONVERSION = YES;
				CLANG_WARN_INFINITE_RECURSION = YES;
				CLANG_WARN_INT_CONVERSION = YES;
				CLANG_WARN_NON_LITERAL_NULL_CONVERSION = YES;
				CLANG_WARN_OBJC_IMPLICIT_RETAIN_SELF = YES;
				CLANG_WARN_OBJC_LITERAL_CONVERSION = YES;
				CLANG_WARN_OBJC_ROOT_CLASS = YES_ERROR;
				CLANG_WARN_QUOTED_INCLUDE_IN_FRAMEWORK_HEADER = YES;
				CLANG_WARN_RANGE_LOOP_ANALYSIS = YES;
				CLANG_WARN_STRICT_PROTOTYPES = YES;
				CLANG_WARN_SUSPICIOUS_MOVE = YES;
				CLANG_WARN_UNGUARDED_AVAILABILITY = YES_AGGRESSIVE;
				CLANG_WARN_UNREACHABLE_CODE = YES;
				CLANG_WARN__DUPLICATE_METHOD_MATCH = YES;
				COPY_PHASE_STRIP = NO;
				DEBUG_INFORMATION_FORMAT = dwarf;
				ENABLE_STRICT_OBJC_MSGSEND = YES;
				ENABLE_TESTABILITY = YES;
				GCC_C_LANGUAGE_STANDARD = gnu11;
				GCC_DYNAMIC_NO_PIC = NO;
				GCC_NO_COMMON_BLOCKS = YES;
				GCC_OPTIMIZATION_LEVEL = 0;
				GCC_PREPROCESSOR_DEFINITIONS = (
					"DEBUG=1",
					"$(inherited)",
				);
				GCC_WARN_64_TO_32_BIT_CONVERSION = YES;
				GCC_WARN_ABOUT_RETURN_TYPE = YES_ERROR;
				GCC_WARN_UNDECLARED_SELECTOR = YES;
				GCC_WARN_UNINITIALIZED_AUTOS = YES_AGGRESSIVE;
				GCC_WARN_UNUSED_FUNCTION = YES;
				GCC_WARN_UNUSED_VARIABLE = YES;
				IPHONEOS_DEPLOYMENT_TARGET = 15.0;
				MTL_ENABLE_DEBUG_INFO = INCLUDE_SOURCE;
				MTL_FAST_MATH = YES;
				ONLY_ACTIVE_ARCH = YES;
				SDKROOT = iphoneos;
				SWIFT_ACTIVE_COMPILATION_CONDITIONS = DEBUG;
				SWIFT_OPTIMIZATION_LEVEL = "-Onone";
			};
			name = Debug;
		};
		1D6AB364270D227900E213B5 /* Release */ = {
			isa = XCBuildConfiguration;
			buildSettings = {
				ALWAYS_SEARCH_USER_PATHS = NO;
				CLANG_ANALYZER_NONNULL = YES;
				CLANG_ANALYZER_NUMBER_OBJECT_CONVERSION = YES_AGGRESSIVE;
				CLANG_CXX_LANGUAGE_STANDARD = "gnu++17";
				CLANG_CXX_LIBRARY = "libc++";
				CLANG_ENABLE_MODULES = YES;
				CLANG_ENABLE_OBJC_ARC = YES;
				CLANG_ENABLE_OBJC_WEAK = YES;
				CLANG_WARN_BLOCK_CAPTURE_AUTORELEASING = YES;
				CLANG_WARN_BOOL_CONVERSION = YES;
				CLANG_WARN_COMMA = YES;
				CLANG_WARN_CONSTANT_CONVERSION = YES;
				CLANG_WARN_DEPRECATED_OBJC_IMPLEMENTATIONS = YES;
				CLANG_WARN_DIRECT_OBJC_ISA_USAGE = YES_ERROR;
				CLANG_WARN_DOCUMENTATION_COMMENTS = YES;
				CLANG_WARN_EMPTY_BODY = YES;
				CLANG_WARN_ENUM_CONVERSION = YES;
				CLANG_WARN_INFINITE_RECURSION = YES;
				CLANG_WARN_INT_CONVERSION = YES;
				CLANG_WARN_NON_LITERAL_NULL_CONVERSION = YES;
				CLANG_WARN_OBJC_IMPLICIT_RETAIN_SELF = YES;
				CLANG_WARN_OBJC_LITERAL_CONVERSION = YES;
				CLANG_WARN_OBJC_ROOT_CLASS = YES_ERROR;
				CLANG_WARN_QUOTED_INCLUDE_IN_FRAMEWORK_HEADER = YES;
				CLANG_WARN_RANGE_LOOP_ANALYSIS = YES;
				CLANG_WARN_STRICT_PROTOTYPES = YES;
				CLANG_WARN_SUSPICIOUS_MOVE = YES;
				CLANG_WARN_UNGUARDED_AVAILABILITY = YES_AGGRESSIVE;
				CLANG_WARN_UNREACHABLE_CODE = YES;
				CLANG_WARN__DUPLICATE_METHOD_MATCH = YES;
				COPY_PHASE_STRIP = NO;
				DEBUG_INFORMATION_FORMAT = "dwarf-with-dsym";
				ENABLE_NS_ASSERTIONS = NO;
				ENABLE_STRICT_OBJC_MSGSEND = YES;
				GCC_C_LANGUAGE_STANDARD = gnu11;
				GCC_NO_COMMON_BLOCKS = YES;
				GCC_WARN_64_TO_32_BIT_CONVERSION = YES;
				GCC_WARN_ABOUT_RETURN_TYPE = YES_ERROR;
				GCC_WARN_UNDECLARED_SELECTOR = YES;
				GCC_WARN_UNINITIALIZED_AUTOS = YES_AGGRESSIVE;
				GCC_WARN_UNUSED_FUNCTION = YES;
				GCC_WARN_UNUSED_VARIABLE = YES;
				IPHONEOS_DEPLOYMENT_TARGET = 15.0;
				MTL_ENABLE_DEBUG_INFO = NO;
				MTL_FAST_MATH = YES;
				SDKROOT = iphoneos;
				SWIFT_COMPILATION_MODE = wholemodule;
				SWIFT_OPTIMIZATION_LEVEL = "-O";
				VALIDATE_PRODUCT = YES;
			};
			name = Release;
		};
		1D6AB366270D227900E213B5 /* Debug */ = {
			isa = XCBuildConfiguration;
			baseConfigurationReference = 4ED05A83A00D44A282440406 /* Pods-zaeMemo.debug.xcconfig */;
			buildSettings = {
				ASSETCATALOG_COMPILER_APPICON_NAME = AppIcon;
				ASSETCATALOG_COMPILER_GLOBAL_ACCENT_COLOR_NAME = AccentColor;
				CODE_SIGN_STYLE = Automatic;
				CURRENT_PROJECT_VERSION = 1;
				DEVELOPMENT_TEAM = HWBJNMY98D;
				GENERATE_INFOPLIST_FILE = YES;
				INFOPLIST_FILE = zaeMemo/Info.plist;
				INFOPLIST_KEY_UIApplicationSupportsIndirectInputEvents = YES;
				INFOPLIST_KEY_UILaunchStoryboardName = LaunchScreen;
				INFOPLIST_KEY_UIMainStoryboardFile = Main;
				INFOPLIST_KEY_UISupportedInterfaceOrientations_iPad = "UIInterfaceOrientationPortrait UIInterfaceOrientationPortraitUpsideDown UIInterfaceOrientationLandscapeLeft UIInterfaceOrientationLandscapeRight";
				INFOPLIST_KEY_UISupportedInterfaceOrientations_iPhone = "UIInterfaceOrientationPortrait UIInterfaceOrientationLandscapeLeft UIInterfaceOrientationLandscapeRight";
				LD_RUNPATH_SEARCH_PATHS = (
					"$(inherited)",
					"@executable_path/Frameworks",
				);
				MARKETING_VERSION = 1.0;
				PRODUCT_BUNDLE_IDENTIFIER = shinjaeyoung.zaeMemo;
				PRODUCT_NAME = "$(TARGET_NAME)";
				SWIFT_EMIT_LOC_STRINGS = YES;
				SWIFT_VERSION = 5.0;
				TARGETED_DEVICE_FAMILY = "1,2";
			};
			name = Debug;
		};
		1D6AB367270D227900E213B5 /* Release */ = {
			isa = XCBuildConfiguration;
			baseConfigurationReference = A58B7275810E6EB7D8020539 /* Pods-zaeMemo.release.xcconfig */;
			buildSettings = {
				ASSETCATALOG_COMPILER_APPICON_NAME = AppIcon;
				ASSETCATALOG_COMPILER_GLOBAL_ACCENT_COLOR_NAME = AccentColor;
				CODE_SIGN_STYLE = Automatic;
				CURRENT_PROJECT_VERSION = 1;
				DEVELOPMENT_TEAM = HWBJNMY98D;
				GENERATE_INFOPLIST_FILE = YES;
				INFOPLIST_FILE = zaeMemo/Info.plist;
				INFOPLIST_KEY_UIApplicationSupportsIndirectInputEvents = YES;
				INFOPLIST_KEY_UILaunchStoryboardName = LaunchScreen;
				INFOPLIST_KEY_UIMainStoryboardFile = Main;
				INFOPLIST_KEY_UISupportedInterfaceOrientations_iPad = "UIInterfaceOrientationPortrait UIInterfaceOrientationPortraitUpsideDown UIInterfaceOrientationLandscapeLeft UIInterfaceOrientationLandscapeRight";
				INFOPLIST_KEY_UISupportedInterfaceOrientations_iPhone = "UIInterfaceOrientationPortrait UIInterfaceOrientationLandscapeLeft UIInterfaceOrientationLandscapeRight";
				LD_RUNPATH_SEARCH_PATHS = (
					"$(inherited)",
					"@executable_path/Frameworks",
				);
				MARKETING_VERSION = 1.0;
				PRODUCT_BUNDLE_IDENTIFIER = shinjaeyoung.zaeMemo;
				PRODUCT_NAME = "$(TARGET_NAME)";
				SWIFT_EMIT_LOC_STRINGS = YES;
				SWIFT_VERSION = 5.0;
				TARGETED_DEVICE_FAMILY = "1,2";
			};
			name = Release;
		};
/* End XCBuildConfiguration section */

/* Begin XCConfigurationList section */
		1D6AB34C270D227900E213B5 /* Build configuration list for PBXProject "zaeMemo" */ = {
			isa = XCConfigurationList;
			buildConfigurations = (
				1D6AB363270D227900E213B5 /* Debug */,
				1D6AB364270D227900E213B5 /* Release */,
			);
			defaultConfigurationIsVisible = 0;
			defaultConfigurationName = Release;
		};
		1D6AB365270D227900E213B5 /* Build configuration list for PBXNativeTarget "zaeMemo" */ = {
			isa = XCConfigurationList;
			buildConfigurations = (
				1D6AB366270D227900E213B5 /* Debug */,
				1D6AB367270D227900E213B5 /* Release */,
			);
			defaultConfigurationIsVisible = 0;
			defaultConfigurationName = Release;
		};
/* End XCConfigurationList section */

/* Begin XCVersionGroup section */
		AE34DD21270E7B2E00705971 /* MemoDataModel.xcdatamodeld */ = {
			isa = XCVersionGroup;
			children = (
				AE34DD22270E7B2E00705971 /* MemoDataModel.xcdatamodel */,
			);
			currentVersion = AE34DD22270E7B2E00705971 /* MemoDataModel.xcdatamodel */;
			path = MemoDataModel.xcdatamodeld;
			sourceTree = "<group>";
			versionGroupType = wrapper.xcdatamodel;
		};
/* End XCVersionGroup section */
	};
	rootObject = 1D6AB349270D227900E213B5 /* Project object */;
}
